
Microsoft Visual Studio Solution File, Format Version 12.00
# Visual Studio 15
VisualStudioVersion = 15.0.27703.2035
MinimumVisualStudioVersion = 10.0.40219.1
Project("{FAE04EC0-301F-11D3-BF4B-00C04F79EFBC}") = "JiraApplication", "JiraApplication\JiraApplication.csproj", "{799889A3-1DE2-41D1-A5FB-0D03C979049E}"
EndProject
Global
	GlobalSection(SolutionConfigurationPlatforms) = preSolution
		Debug|Any CPU = Debug|Any CPU
		Release|Any CPU = Release|Any CPU
	EndGlobalSection
	GlobalSection(ProjectConfigurationPlatforms) = postSolution
		{799889A3-1DE2-41D1-A5FB-0D03C979049E}.Debug|Any CPU.ActiveCfg = Debug|Any CPU
		{799889A3-1DE2-41D1-A5FB-0D03C979049E}.Debug|Any CPU.Build.0 = Debug|Any CPU
		{799889A3-1DE2-41D1-A5FB-0D03C979049E}.Release|Any CPU.ActiveCfg = Release|Any CPU
		{799889A3-1DE2-41D1-A5FB-0D03C979049E}.Release|Any CPU.Build.0 = Release|Any CPU
	EndGlobalSection
	GlobalSection(SolutionProperties) = preSolution
		HideSolutionNode = FALSE
	EndGlobalSection
	GlobalSection(ExtensibilityGlobals) = postSolution
		SolutionGuid = {3DB7D77A-98B3-4B3E-9EF9-733549C7A8B7}
	EndGlobalSection
EndGlobal
